
Microsoft Visual Studio Solution File, Format Version 12.00
Project("{2150E333-8FDC-42A3-9474-1A3956D46DE8}") = "src", "src", "{6AAC3E2C-D9F9-489E-AE1B-3ACBE2775B7C}"
EndProject
Project("{2150E333-8FDC-42A3-9474-1A3956D46DE8}") = "tests", "tests", "{9AF1666D-04C1-4B17-9FA4-25FCE191AD2D}"
EndProject
Project("{FAE04EC0-301F-11D3-BF4B-00C04F79EFBC}") = "ExampleLibrary", "ExampleLibrary\ExampleLibrary.csproj", "{0029D5A0-6A90-4C19-91DB-C48798EAA263}"
EndProject
Project("{FAE04EC0-301F-11D3-BF4B-00C04F79EFBC}") = "ExampleLibraryTests", "ExampleLibraryTests\ExampleLibraryTests.csproj", "{F9E5A2F1-96B5-49D5-8B72-1387DD9DDAAF}"
EndProject
Global
	GlobalSection(SolutionConfigurationPlatforms) = preSolution
		Debug|Any CPU = Debug|Any CPU
		Release|Any CPU = Release|Any CPU
	EndGlobalSection
	GlobalSection(ProjectConfigurationPlatforms) = postSolution
		{0029D5A0-6A90-4C19-91DB-C48798EAA263}.Debug|Any CPU.ActiveCfg = Debug|Any CPU
		{0029D5A0-6A90-4C19-91DB-C48798EAA263}.Debug|Any CPU.Build.0 = Debug|Any CPU
		{0029D5A0-6A90-4C19-91DB-C48798EAA263}.Release|Any CPU.ActiveCfg = Release|Any CPU
		{0029D5A0-6A90-4C19-91DB-C48798EAA263}.Release|Any CPU.Build.0 = Release|Any CPU
		{F9E5A2F1-96B5-49D5-8B72-1387DD9DDAAF}.Debug|Any CPU.ActiveCfg = Debug|Any CPU
		{F9E5A2F1-96B5-49D5-8B72-1387DD9DDAAF}.Debug|Any CPU.Build.0 = Debug|Any CPU
		{F9E5A2F1-96B5-49D5-8B72-1387DD9DDAAF}.Release|Any CPU.ActiveCfg = Release|Any CPU
		{F9E5A2F1-96B5-49D5-8B72-1387DD9DDAAF}.Release|Any CPU.Build.0 = Release|Any CPU
	EndGlobalSection
	GlobalSection(NestedProjects) = preSolution
		{0029D5A0-6A90-4C19-91DB-C48798EAA263} = {6AAC3E2C-D9F9-489E-AE1B-3ACBE2775B7C}
		{F9E5A2F1-96B5-49D5-8B72-1387DD9DDAAF} = {9AF1666D-04C1-4B17-9FA4-25FCE191AD2D}
	EndGlobalSection
EndGlobal
